
Microsoft Visual Studio Solution File, Format Version 12.00
# Visual Studio 15
Project("{FAE04EC0-301F-11D3-BF4B-00C04F79EFBC}") = "AnalisisSentimientos", "AnalisisSentimientos.csproj", "{B1BF9E97-2974-4376-9F0F-F8AEBD8630DA}"
EndProject
Global
	GlobalSection(SolutionConfigurationPlatforms) = preSolution
		Debug|Any CPU = Debug|Any CPU
		Release|Any CPU = Release|Any CPU
	EndGlobalSection
	GlobalSection(ProjectConfigurationPlatforms) = postSolution
		{B1BF9E97-2974-4376-9F0F-F8AEBD8630DA}.Debug|Any CPU.ActiveCfg = Debug|Any CPU
		{B1BF9E97-2974-4376-9F0F-F8AEBD8630DA}.Debug|Any CPU.Build.0 = Debug|Any CPU
		{B1BF9E97-2974-4376-9F0F-F8AEBD8630DA}.Release|Any CPU.ActiveCfg = Release|Any CPU
		{B1BF9E97-2974-4376-9F0F-F8AEBD8630DA}.Release|Any CPU.Build.0 = Release|Any CPU
	EndGlobalSection
EndGlobal
